Microsoft Visual Studio Solution File, Format Version 12.00
# Visual Studio Version 17
VisualStudioVersion = 17.5.2.0
MinimumVisualStudioVersion = 10.0.40219.1
Project("{2150E333-8FDC-42A3-9474-1A3956D46DE8}") = "microservices", "microservices", "{8A367DDA-5161-A942-4F09-60E4726C9306}"
EndProject
Project("{FAE04EC0-301F-11D3-BF4B-00C04F79EFBC}") = "todo-website", "microservices\todo-website\todo-website.csproj", "{F97CD088-78B0-FAD0-B37B-5CDA803EED45}"
EndProject
Global
	GlobalSection(SolutionConfigurationPlatforms) = preSolution
		Debug|Any CPU = Debug|Any CPU
		Release|Any CPU = Release|Any CPU
	EndGlobalSection
	GlobalSection(ProjectConfigurationPlatforms) = postSolution
		{F97CD088-78B0-FAD0-B37B-5CDA803EED45}.Debug|Any CPU.ActiveCfg = Debug|Any CPU
		{F97CD088-78B0-FAD0-B37B-5CDA803EED45}.Debug|Any CPU.Build.0 = Debug|Any CPU
		{F97CD088-78B0-FAD0-B37B-5CDA803EED45}.Release|Any CPU.ActiveCfg = Release|Any CPU
		{F97CD088-78B0-FAD0-B37B-5CDA803EED45}.Release|Any CPU.Build.0 = Release|Any CPU
	EndGlobalSection
	GlobalSection(SolutionProperties) = preSolution
		HideSolutionNode = FALSE
	EndGlobalSection
	GlobalSection(NestedProjects) = preSolution
		{F97CD088-78B0-FAD0-B37B-5CDA803EED45} = {8A367DDA-5161-A942-4F09-60E4726C9306}
	EndGlobalSection
	GlobalSection(ExtensibilityGlobals) = postSolution
		SolutionGuid = {A3C2E196-14EE-4203-AB16-A4D62825307E}
	EndGlobalSection
EndGlobal
